lockfileVersion: '9.0'

settings:
  autoInstallPeers: true
  excludeLinksFromLockfile: false

importers:

  .:
    devDependencies:
      pg:
        specifier: ^8.21.0
        version: 8.21.0
      turbo:
        specifier: ^2.5.0
        version: 2.9.18
      typescript:
        specifier: ^5.6.0
        version: 5.9.3

  packages/api-client:
    dependencies:
      '@sensei/database':
        specifier: workspace:*
        version: link:../database
      '@sensei/payments':
        specifier: workspace:*
        version: link:../payments
      '@sensei/types':
        specifier: workspace:*
        version: link:../types
      '@supabase/supabase-js':
        specifier: ^2.45.0
        version: 2.108.1
    devDependencies:
      '@tanstack/react-query':
        specifier: ^5.0.0
        version: 5.101.0(react@19.2.7)
      typescript:
        specifier: ^5.6.0
        version: 5.9.3

  packages/auth:
    dependencies:
      '@sensei/database':
        specifier: workspace:*
        version: link:../database
      '@sensei/types':
        specifier: workspace:*
        version: link:../types
      '@supabase/supabase-js':
        specifier: ^2.45.0
        version: 2.108.1
    devDependencies:
      typescript:
        specifier: ^5.6.0
        version: 5.9.3

  packages/database:
    dependencies:
      '@supabase/supabase-js':
        specifier: ^2.45.0
        version: 2.108.1
    devDependencies:
      typescript:
        specifier: ^5.6.0
        version: 5.9.3

  packages/notifications:
    devDependencies:
      typescript:
        specifier: ^5.6.0
        version: 5.9.3

  packages/payments:
    dependencies:
      '@sensei/types':
        specifier: workspace:*
        version: link:../types
      '@sensei/utils':
        specifier: workspace:*
        version: link:../utils
    devDependencies:
      typescript:
        specifier: ^5.6.0
        version: 5.9.3

  packages/types:
    dependencies:
      zod:
        specifier: ^3.23.8
        version: 3.25.76
    devDependencies:
      typescript:
        specifier: ^5.6.0
        version: 5.9.3

  packages/ui:
    devDependencies:
      typescript:
        specifier: ^5.6.0
        version: 5.9.3

  packages/utils:
    devDependencies:
      typescript:
        specifier: ^5.6.0
        version: 5.9.3

packages:

  '@supabase/auth-js@2.108.1':
    resolution: {integrity: sha512-Lle5rKU8f9LF3K5dDd8Or8mkkG+ptzRZZWKPVMm9B9UuovH65Ss2+iFnQqRsCqaGouvJEcTWyl0cj2riNrrDLQ==}
    engines: {node: '>=20.0.0'}

  '@supabase/functions-js@2.108.1':
    resolution: {integrity: sha512-fxBRW/A4IG7ADQztVt0NaEy5ysiO1WJ2pbldsnBchrkHuyepX0Krek9qA9T4gUQBVVTCE9Ea4pdsM5hfn3nc4A==}
    engines: {node: '>=20.0.0'}

  '@supabase/phoenix@0.4.2':
    resolution: {integrity: sha512-YSAGnmDAfuleFCVt3CeurQZAhxRfXWeZIIkwp7NhYzQ1UwW6ePSnzsFAiUm/mbCkfoCf70QQHKW/K6RKh52a4A==}

  '@supabase/postgrest-js@2.108.1':
    resolution: {integrity: sha512-9lj2MCPPMgSTaJ5y+amnhb3TWPtMFVlbDn2hmX/VV91xQU4j0AauwfMaBErHBJ+zzsSwjc0jLU+zLIZFLQzfig==}
    engines: {node: '>=20.0.0'}

  '@supabase/realtime-js@2.108.1':
    resolution: {integrity: sha512-mHGGqOjwd1XTydcoffUqEMsbFQHUi6A3uhQ0EXr3iqzpLqItxKA9nbN6gIQxrZ7JRRnuUe/iOFPUkYV9Tdc5lg==}
    engines: {node: '>=20.0.0'}

  '@supabase/storage-js@2.108.1':
    resolution: {integrity: sha512-Er0SGGt85iT6ye+SSh98Az6L2CesoZJuyzEZYH2oBOAnIxa9Nn4CtwUC3veGxYggoT56X+3tVuuQeDBP8kR8sg==}
    engines: {node: '>=20.0.0'}

  '@supabase/supabase-js@2.108.1':
    resolution: {integrity: sha512-V/1hRKLSCJ0zEL+9QFRBUtivvePfOsaAYQmC0HhFNSHC2F3xFs4jSF3YhkLmzex6E4V4FGvmBDOP72D/53NnZA==}
    engines: {node: '>=20.0.0'}

  '@tanstack/query-core@5.101.0':
    resolution: {integrity: sha512-cQetA74EB+seWySv1TTKr828TnP0u39m6LykwDXIo84SNortpDkp30TMEjkqtYCNP9c40uT/iwl6MLiufEt0Ow==}

  '@tanstack/react-query@5.101.0':
    resolution: {integrity: sha512-rLlJXSpkqfizLWgkR5+eLeIk0MvTx/meEIR7LRjxic+qxiQP8zVjq7BqQkiCMNLQBlLfuOLqqr6KO5GtrDlmSg==}
    peerDependencies:
      react: ^18 || ^19

  '@turbo/darwin-64@2.9.18':
    resolution: {integrity: sha512-9f27peFu16ur8c0v9nUFUEyBnbKuuFsUTjHFWfmwGfzySBXbHwzU44QhZon6Mznz0cHsIr3984NQj/bVrnGSRw==}
    cpu: [x64]
    os: [darwin]

  '@turbo/darwin-arm64@2.9.18':
    resolution: {integrity: sha512-9A6TMRq/Ib+QnbhLlgkhOm+624wO4pzSQ/yQviQfWHOlFvaYxdnIAYmu2H6TS6y7kSVL0DvzNe04NbESTOzFVQ==}
    cpu: [arm64]
    os: [darwin]

  '@turbo/linux-64@2.9.18':
    resolution: {integrity: sha512-zCdIDtz69AnbYh913elJRRoF3QY5aa2HNnf+4rAkc7bQ+tWujiDkCNV7stazOUPggaDvhKIf2Z87qHftTeXSkw==}
    cpu: [x64]
    os: [linux]

  '@turbo/linux-arm64@2.9.18':
    resolution: {integrity: sha512-Va1kXI04naMgYwqv/5Dfa36dTDx8015U7oaQAjrXa45ua9OoFjSV4OmvkML4EmXvUclQHCiBRbY8bvd0jV7eAg==}
    cpu: [arm64]
    os: [linux]

  '@turbo/windows-64@2.9.18':
    resolution: {integrity: sha512-m0kDhZANxSNz9ck1ybogFscHabriAsp4eDFNrN/1H5WrgTF7b3VlcPZnhuO3v2+E2KnCbeAc+UUT10BZZHdDKw==}
    cpu: [x64]
    os: [win32]

  '@turbo/windows-arm64@2.9.18':
    resolution: {integrity: sha512-nUdR8WqoomUys9iIQmG45TMiizJ+5BV8egSeLLZba/AWblyp3fVBcIH1kSE58OtK4g2YzbMJEth6Ttv9w5rqMA==}
    cpu: [arm64]
    os: [win32]

  iceberg-js@0.8.1:
    resolution: {integrity: sha512-1dhVQZXhcHje7798IVM+xoo/1ZdVfzOMIc8/rgVSijRK38EDqOJoGula9N/8ZI5RD8QTxNQtK/Gozpr+qUqRRA==}
    engines: {node: '>=20.0.0'}

  pg-cloudflare@1.4.0:
    resolution: {integrity: sha512-Vo7z/6rrQYxpNRylp4Tlob2elzbh+N/MOQbxFVWCxS7oEx6jF53GTJFxK2WWpKuBRkmiin4Mt+xofFDjx09R0A==}

  pg-connection-string@2.13.0:
    resolution: {integrity: sha512-EMnU9E2fSULdsbErBbMaXJvFeD9B4+nPcM3f+4lsiCR0BHLPrLVjv3DbyM2hgQQviKJaTWIRRTjKjWlHg3p2ig==}

  pg-int8@1.0.1:
    resolution: {integrity: sha512-WCtabS6t3c8SkpDBUlb1kjOs7l66xsGdKpIPZsg4wR+B3+u9UAum2odSsF9tnvxg80h4ZxLWMy4pRjOsFIqQpw==}
    engines: {node: '>=4.0.0'}

  pg-pool@3.14.0:
    resolution: {integrity: sha512-gKtPkFdQPU3DksooVLi9LsjZxrsBUZIpa+7aVx+LV5pNh0KzP4Zleud2po+ConrxbuXGBJ6Hfer6hdgpIBpBaw==}
    peerDependencies:
      pg: '>=8.0'

  pg-protocol@1.14.0:
    resolution: {integrity: sha512-n5taZ1kO3s9ngDTVxsEznOqCyToTgz0FLuPq0B33COy5pPpuWJpY3/2oRBVETuOgzdqRXfWpM9HIhp2LBBT1BA==}

  pg-types@2.2.0:
    resolution: {integrity: sha512-qTAAlrEsl8s4OiEQY69wDvcMIdQN6wdz5ojQiOy6YRMuynxenON0O5oCpJI6lshc6scgAY8qvJ2On/p+CXY0GA==}
    engines: {node: '>=4'}

  pg@8.21.0:
    resolution: {integrity: sha512-AUP1EYJuHraQGsVoCQVIcM7TEJVGtDzxWtGFZd8rds9d+CCXlU5Js1rYgfLNvxy9iJrpHjGrRjoi/3BT9fRyiA==}
    engines: {node: '>= 16.0.0'}
    peerDependencies:
      pg-native: '>=3.0.1'
    peerDependenciesMeta:
      pg-native:
        optional: true

  pgpass@1.0.5:
    resolution: {integrity: sha512-FdW9r/jQZhSeohs1Z3sI1yxFQNFvMcnmfuj4WBMUTxOrAyLMaTcE1aAMBiTlbMNaXvBCQuVi0R7hd8udDSP7ug==}

  postgres-array@2.0.0:
    resolution: {integrity: sha512-VpZrUqU5A69eQyW2c5CA1jtLecCsN2U/bD6VilrFDWq5+5UIEVO7nazS3TEcHf1zuPYO/sqGvUvW62g86RXZuA==}
    engines: {node: '>=4'}

  postgres-bytea@1.0.1:
    resolution: {integrity: sha512-5+5HqXnsZPE65IJZSMkZtURARZelel2oXUEO8rH83VS/hxH5vv1uHquPg5wZs8yMAfdv971IU+kcPUczi7NVBQ==}
    engines: {node: '>=0.10.0'}

  postgres-date@1.0.7:
    resolution: {integrity: sha512-suDmjLVQg78nMK2UZ454hAG+OAW+HQPZ6n++TNDUX+L0+uUlLywnoxJKDou51Zm+zTCjrCl0Nq6J9C5hP9vK/Q==}
    engines: {node: '>=0.10.0'}

  postgres-interval@1.2.0:
    resolution: {integrity: sha512-9ZhXKM/rw350N1ovuWHbGxnGh/SNJ4cnxHiM0rxE4VN41wsg8P8zWn9hv/buK00RP4WvlOyr/RBDiptyxVbkZQ==}
    engines: {node: '>=0.10.0'}

  react@19.2.7:
    resolution: {integrity: sha512-HNe9WslTbXmFK8o8cmwgAeJFSBvt1bPdHCVKtaaV+WlAN36mpT4hcRpwbf3fY56ar2oIXzsBpOAiIRHAdY0OlQ==}
    engines: {node: '>=0.10.0'}

  split2@4.2.0:
    resolution: {integrity: sha512-UcjcJOWknrNkF6PLX83qcHM6KHgVKNkV62Y8a5uYDVv9ydGQVwAHMKqHdJje1VTWpljG0WYpCDhrCdAOYH4TWg==}
    engines: {node: '>= 10.x'}

  tslib@2.8.1:
    resolution: {integrity: sha512-oJFu94HQb+KVduSUQL7wnpmqnfmLsOA/nAh6b6EH0wCEoK0/mPeXU6c3wKDV83MkOuHPRHtSXKKU99IBazS/2w==}

  turbo@2.9.18:
    resolution: {integrity: sha512-bwabv6PupzeavybzEoArBAkwq5fnzwf8OFnRtpHwnviFWuwJPFxtyH+aVp36TmIqK3aYYgtTJ3J0m2ysxxSzQg==}
    hasBin: true

  typescript@5.9.3:
    resolution: {integrity: sha512-jl1vZzPDinLr9eUt3J/t7V6FgNEw9QjvBPdysz9KfQDD41fQrC2Y4vKQdiaUpFT4bXlb1RHhLpp8wtm6M5TgSw==}
    engines: {node: '>=14.17'}
    hasBin: true

  xtend@4.0.2:
    resolution: {integrity: sha512-LKYU1iAXJXUgAXn9URjiu+MWhyUXHsvfp7mcuYm9dSUKK0/CjtrUwFAxD82/mCWbtLsGjFIad0wIsod4zrTAEQ==}
    engines: {node: '>=0.4'}

  zod@3.25.76:
    resolution: {integrity: sha512-gzUt/qt81nXsFGKIFcC3YnfEAx5NkunCfnDlvuBSSFS02bcXu4Lmea0AFIUwbLWxWPx3d9p8S5QoaujKcNQxcQ==}

snapshots:

  '@supabase/auth-js@2.108.1':
    dependencies:
      tslib: 2.8.1

  '@supabase/functions-js@2.108.1':
    dependencies:
      tslib: 2.8.1

  '@supabase/phoenix@0.4.2': {}

  '@supabase/postgrest-js@2.108.1':
    dependencies:
      tslib: 2.8.1

  '@supabase/realtime-js@2.108.1':
    dependencies:
      '@supabase/phoenix': 0.4.2
      tslib: 2.8.1

  '@supabase/storage-js@2.108.1':
    dependencies:
      iceberg-js: 0.8.1
      tslib: 2.8.1

  '@supabase/supabase-js@2.108.1':
    dependencies:
      '@supabase/auth-js': 2.108.1
      '@supabase/functions-js': 2.108.1
      '@supabase/postgrest-js': 2.108.1
      '@supabase/realtime-js': 2.108.1
      '@supabase/storage-js': 2.108.1

  '@tanstack/query-core@5.101.0': {}

  '@tanstack/react-query@5.101.0(react@19.2.7)':
    dependencies:
      '@tanstack/query-core': 5.101.0
      react: 19.2.7

  '@turbo/darwin-64@2.9.18':
    optional: true

  '@turbo/darwin-arm64@2.9.18':
    optional: true

  '@turbo/linux-64@2.9.18':
    optional: true

  '@turbo/linux-arm64@2.9.18':
    optional: true

  '@turbo/windows-64@2.9.18':
    optional: true

  '@turbo/windows-arm64@2.9.18':
    optional: true

  iceberg-js@0.8.1: {}

  pg-cloudflare@1.4.0:
    optional: true

  pg-connection-string@2.13.0: {}

  pg-int8@1.0.1: {}

  pg-pool@3.14.0(pg@8.21.0):
    dependencies:
      pg: 8.21.0

  pg-protocol@1.14.0: {}

  pg-types@2.2.0:
    dependencies:
      pg-int8: 1.0.1
      postgres-array: 2.0.0
      postgres-bytea: 1.0.1
      postgres-date: 1.0.7
      postgres-interval: 1.2.0

  pg@8.21.0:
    dependencies:
      pg-connection-string: 2.13.0
      pg-pool: 3.14.0(pg@8.21.0)
      pg-protocol: 1.14.0
      pg-types: 2.2.0
      pgpass: 1.0.5
    optionalDependencies:
      pg-cloudflare: 1.4.0

  pgpass@1.0.5:
    dependencies:
      split2: 4.2.0

  postgres-array@2.0.0: {}

  postgres-bytea@1.0.1: {}

  postgres-date@1.0.7: {}

  postgres-interval@1.2.0:
    dependencies:
      xtend: 4.0.2

  react@19.2.7: {}

  split2@4.2.0: {}

  tslib@2.8.1: {}

  turbo@2.9.18:
    optionalDependencies:
      '@turbo/darwin-64': 2.9.18
      '@turbo/darwin-arm64': 2.9.18
      '@turbo/linux-64': 2.9.18
      '@turbo/linux-arm64': 2.9.18
      '@turbo/windows-64': 2.9.18
      '@turbo/windows-arm64': 2.9.18

  typescript@5.9.3: {}

  xtend@4.0.2: {}

  zod@3.25.76: {}
